
Microsoft Visual Studio Solution File, Format Version 12.00
# Visual Studio Version 17
VisualStudioVersion = 17.8.0.0
MinimumVisualStudioVersion = 17.8.0.0
Project("{9A19103F-16F7-4668-BE54-9A1E7A4F7556}") = "autogestor.AppHost", "src\autogestor.AppHost\autogestor.AppHost.csproj", "{F36B5F40-0C16-4FC1-914D-D9BB8CD2D61B}"
EndProject
Project("{9A19103F-16F7-4668-BE54-9A1E7A4F7556}") = "autogestor.ServiceDefaults", "src\autogestor.ServiceDefaults\autogestor.ServiceDefaults.csproj", "{1A216C7B-A0CD-43CF-9827-D3DA2EFCE47F}"
EndProject
Project("{FAE04EC0-301F-11D3-BF4B-00C04F79EFBC}") = "autogestor.core", "src\autogestor.core\autogestor.core.csproj", "{86FD3BEB-8CB4-4AE3-8FB7-70079019588F}"
EndProject
Project("{FAE04EC0-301F-11D3-BF4B-00C04F79EFBC}") = "autogestor.infra", "src\autogestor.infra\autogestor.infra.csproj", "{B5030782-75DD-409B-92CF-4C50E10370A2}"
EndProject
Project("{FAE04EC0-301F-11D3-BF4B-00C04F79EFBC}") = "autogestor.app", "src\autogestor.app\autogestor.app.csproj", "{BB8070A6-A1A6-459B-AA3C-E31D3ED1ECE8}"
EndProject
Project("{FAE04EC0-301F-11D3-BF4B-00C04F79EFBC}") = "autogestor.api", "src\autogestor.api\autogestor.api.csproj", "{1E40E7CA-B339-4CD5-B05F-80668CBD5467}"
EndProject
Project("{FAE04EC0-301F-11D3-BF4B-00C04F79EFBC}") = "autogestor.web", "src\autogestor.web\autogestor.web.csproj", "{74F9B1CC-B273-4AB2-BD39-DD22A99AA625}"
EndProject
Project("{FAE04EC0-301F-11D3-BF4B-00C04F79EFBC}") = "autogestor.test", "test\autogestor.test\autogestor.test.csproj", "{D7C30781-EC54-4CC8-9A7E-A1E5E94900CF}"
EndProject
Global
	GlobalSection(SolutionConfigurationPlatforms) = preSolution
		Debug|Any CPU = Debug|Any CPU
		Debug|x64 = Debug|x64
		Debug|x86 = Debug|x86
		Release|Any CPU = Release|Any CPU
		Release|x64 = Release|x64
		Release|x86 = Release|x86
	EndGlobalSection
	GlobalSection(ProjectConfigurationPlatforms) = postSolution
		{F36B5F40-0C16-4FC1-914D-D9BB8CD2D61B}.Debug|Any CPU.ActiveCfg = Debug|Any CPU
		{F36B5F40-0C16-4FC1-914D-D9BB8CD2D61B}.Debug|Any CPU.Build.0 = Debug|Any CPU
		{F36B5F40-0C16-4FC1-914D-D9BB8CD2D61B}.Debug|x64.ActiveCfg = Debug|Any CPU
		{F36B5F40-0C16-4FC1-914D-D9BB8CD2D61B}.Debug|x64.Build.0 = Debug|Any CPU
		{F36B5F40-0C16-4FC1-914D-D9BB8CD2D61B}.Debug|x86.ActiveCfg = Debug|Any CPU
		{F36B5F40-0C16-4FC1-914D-D9BB8CD2D61B}.Debug|x86.Build.0 = Debug|Any CPU
		{F36B5F40-0C16-4FC1-914D-D9BB8CD2D61B}.Release|Any CPU.ActiveCfg = Release|Any CPU
		{F36B5F40-0C16-4FC1-914D-D9BB8CD2D61B}.Release|Any CPU.Build.0 = Release|Any CPU
		{F36B5F40-0C16-4FC1-914D-D9BB8CD2D61B}.Release|x64.ActiveCfg = Release|Any CPU
		{F36B5F40-0C16-4FC1-914D-D9BB8CD2D61B}.Release|x64.Build.0 = Release|Any CPU
		{F36B5F40-0C16-4FC1-914D-D9BB8CD2D61B}.Release|x86.ActiveCfg = Release|Any CPU
		{F36B5F40-0C16-4FC1-914D-D9BB8CD2D61B}.Release|x86.Build.0 = Release|Any CPU
		{1A216C7B-A0CD-43CF-9827-D3DA2EFCE47F}.Debug|Any CPU.ActiveCfg = Debug|Any CPU
		{1A216C7B-A0CD-43CF-9827-D3DA2EFCE47F}.Debug|Any CPU.Build.0 = Debug|Any CPU
		{1A216C7B-A0CD-43CF-9827-D3DA2EFCE47F}.Debug|x64.ActiveCfg = Debug|Any CPU
		{1A216C7B-A0CD-43CF-9827-D3DA2EFCE47F}.Debug|x64.Build.0 = Debug|Any CPU
		{1A216C7B-A0CD-43CF-9827-D3DA2EFCE47F}.Debug|x86.ActiveCfg = Debug|Any CPU
		{1A216C7B-A0CD-43CF-9827-D3DA2EFCE47F}.Debug|x86.Build.0 = Debug|Any CPU
		{1A216C7B-A0CD-43CF-9827-D3DA2EFCE47F}.Release|Any CPU.ActiveCfg = Release|Any CPU
		{1A216C7B-A0CD-43CF-9827-D3DA2EFCE47F}.Release|Any CPU.Build.0 = Release|Any CPU
		{1A216C7B-A0CD-43CF-9827-D3DA2EFCE47F}.Release|x64.ActiveCfg = Release|Any CPU
		{1A216C7B-A0CD-43CF-9827-D3DA2EFCE47F}.Release|x64.Build.0 = Release|Any CPU
		{1A216C7B-A0CD-43CF-9827-D3DA2EFCE47F}.Release|x86.ActiveCfg = Release|Any CPU
		{1A216C7B-A0CD-43CF-9827-D3DA2EFCE47F}.Release|x86.Build.0 = Release|Any CPU
		{86FD3BEB-8CB4-4AE3-8FB7-70079019588F}.Debug|Any CPU.ActiveCfg = Debug|Any CPU
		{86FD3BEB-8CB4-4AE3-8FB7-70079019588F}.Debug|Any CPU.Build.0 = Debug|Any CPU
		{86FD3BEB-8CB4-4AE3-8FB7-70079019588F}.Debug|x64.ActiveCfg = Debug|Any CPU
		{86FD3BEB-8CB4-4AE3-8FB7-70079019588F}.Debug|x64.Build.0 = Debug|Any CPU
		{86FD3BEB-8CB4-4AE3-8FB7-70079019588F}.Debug|x86.ActiveCfg = Debug|Any CPU
		{86FD3BEB-8CB4-4AE3-8FB7-70079019588F}.Debug|x86.Build.0 = Debug|Any CPU
		{86FD3BEB-8CB4-4AE3-8FB7-70079019588F}.Release|Any CPU.ActiveCfg = Release|Any CPU
		{86FD3BEB-8CB4-4AE3-8FB7-70079019588F}.Release|Any CPU.Build.0 = Release|Any CPU
		{86FD3BEB-8CB4-4AE3-8FB7-70079019588F}.Release|x64.ActiveCfg = Release|Any CPU
		{86FD3BEB-8CB4-4AE3-8FB7-70079019588F}.Release|x64.Build.0 = Release|Any CPU
		{86FD3BEB-8CB4-4AE3-8FB7-70079019588F}.Release|x86.ActiveCfg = Release|Any CPU
		{86FD3BEB-8CB4-4AE3-8FB7-70079019588F}.Release|x86.Build.0 = Release|Any CPU
		{B5030782-75DD-409B-92CF-4C50E10370A2}.Debug|Any CPU.ActiveCfg = Debug|Any CPU
		{B5030782-75DD-409B-92CF-4C50E10370A2}.Debug|Any CPU.Build.0 = Debug|Any CPU
		{B5030782-75DD-409B-92CF-4C50E10370A2}.Debug|x64.ActiveCfg = Debug|Any CPU
		{B5030782-75DD-409B-92CF-4C50E10370A2}.Debug|x64.Build.0 = Debug|Any CPU
		{B5030782-75DD-409B-92CF-4C50E10370A2}.Debug|x86.ActiveCfg = Debug|Any CPU
		{B5030782-75DD-409B-92CF-4C50E10370A2}.Debug|x86.Build.0 = Debug|Any CPU
		{B5030782-75DD-409B-92CF-4C50E10370A2}.Release|Any CPU.ActiveCfg = Release|Any CPU
		{B5030782-75DD-409B-92CF-4C50E10370A2}.Release|Any CPU.Build.0 = Release|Any CPU
		{B5030782-75DD-409B-92CF-4C50E10370A2}.Release|x64.ActiveCfg = Release|Any CPU
		{B5030782-75DD-409B-92CF-4C50E10370A2}.Release|x64.Build.0 = Release|Any CPU
		{B5030782-75DD-409B-92CF-4C50E10370A2}.Release|x86.ActiveCfg = Release|Any CPU
		{B5030782-75DD-409B-92CF-4C50E10370A2}.Release|x86.Build.0 = Release|Any CPU
		{1E40E7CA-B339-4CD5-B05F-80668CBD5467}.Debug|Any CPU.ActiveCfg = Debug|Any CPU
		{1E40E7CA-B339-4CD5-B05F-80668CBD5467}.Debug|Any CPU.Build.0 = Debug|Any CPU
		{1E40E7CA-B339-4CD5-B05F-80668CBD5467}.Debug|x64.ActiveCfg = Debug|Any CPU
		{1E40E7CA-B339-4CD5-B05F-80668CBD5467}.Debug|x64.Build.0 = Debug|Any CPU
		{1E40E7CA-B339-4CD5-B05F-80668CBD5467}.Debug|x86.ActiveCfg = Debug|Any CPU
		{1E40E7CA-B339-4CD5-B05F-80668CBD5467}.Debug|x86.Build.0 = Debug|Any CPU
		{1E40E7CA-B339-4CD5-B05F-80668CBD5467}.Release|Any CPU.ActiveCfg = Release|Any CPU
		{1E40E7CA-B339-4CD5-B05F-80668CBD5467}.Release|Any CPU.Build.0 = Release|Any CPU
		{1E40E7CA-B339-4CD5-B05F-80668CBD5467}.Release|x64.ActiveCfg = Release|Any CPU
		{1E40E7CA-B339-4CD5-B05F-80668CBD5467}.Release|x64.Build.0 = Release|Any CPU
		{1E40E7CA-B339-4CD5-B05F-80668CBD5467}.Release|x86.ActiveCfg = Release|Any CPU
		{1E40E7CA-B339-4CD5-B05F-80668CBD5467}.Release|x86.Build.0 = Release|Any CPU
		{74F9B1CC-B273-4AB2-BD39-DD22A99AA625}.Debug|Any CPU.ActiveCfg = Debug|Any CPU
		{74F9B1CC-B273-4AB2-BD39-DD22A99AA625}.Debug|Any CPU.Build.0 = Debug|Any CPU
		{74F9B1CC-B273-4AB2-BD39-DD22A99AA625}.Debug|x64.ActiveCfg = Debug|Any CPU
		{74F9B1CC-B273-4AB2-BD39-DD22A99AA625}.Debug|x64.Build.0 = Debug|Any CPU
		{74F9B1CC-B273-4AB2-BD39-DD22A99AA625}.Debug|x86.ActiveCfg = Debug|Any CPU
		{74F9B1CC-B273-4AB2-BD39-DD22A99AA625}.Debug|x86.Build.0 = Debug|Any CPU
		{74F9B1CC-B273-4AB2-BD39-DD22A99AA625}.Release|Any CPU.ActiveCfg = Release|Any CPU
		{74F9B1CC-B273-4AB2-BD39-DD22A99AA625}.Release|Any CPU.Build.0 = Release|Any CPU
		{74F9B1CC-B273-4AB2-BD39-DD22A99AA625}.Release|x64.ActiveCfg = Release|Any CPU
		{74F9B1CC-B273-4AB2-BD39-DD22A99AA625}.Release|x64.Build.0 = Release|Any CPU
		{74F9B1CC-B273-4AB2-BD39-DD22A99AA625}.Release|x86.ActiveCfg = Release|Any CPU
		{74F9B1CC-B273-4AB2-BD39-DD22A99AA625}.Release|x86.Build.0 = Release|Any CPU
		{D7C30781-EC54-4CC8-9A7E-A1E5E94900CF}.Debug|Any CPU.ActiveCfg = Debug|Any CPU
		{D7C30781-EC54-4CC8-9A7E-A1E5E94900CF}.Debug|Any CPU.Build.0 = Debug|Any CPU
		{D7C30781-EC54-4CC8-9A7E-A1E5E94900CF}.Debug|x64.ActiveCfg = Debug|Any CPU
		{D7C30781-EC54-4CC8-9A7E-A1E5E94900CF}.Debug|x64.Build.0 = Debug|Any CPU
		{D7C30781-EC54-4CC8-9A7E-A1E5E94900CF}.Debug|x86.ActiveCfg = Debug|Any CPU
		{D7C30781-EC54-4CC8-9A7E-A1E5E94900CF}.Debug|x86.Build.0 = Debug|Any CPU
		{D7C30781-EC54-4CC8-9A7E-A1E5E94900CF}.Release|Any CPU.ActiveCfg = Release|Any CPU
		{D7C30781-EC54-4CC8-9A7E-A1E5E94900CF}.Release|Any CPU.Build.0 = Release|Any CPU
		{D7C30781-EC54-4CC8-9A7E-A1E5E94900CF}.Release|x64.ActiveCfg = Release|Any CPU
		{D7C30781-EC54-4CC8-9A7E-A1E5E94900CF}.Release|x64.Build.0 = Release|Any CPU
		{D7C30781-EC54-4CC8-9A7E-A1E5E94900CF}.Release|x86.ActiveCfg = Release|Any CPU
		{D7C30781-EC54-4CC8-9A7E-A1E5E94900CF}.Release|x86.Build.0 = Release|Any CPU
		{BB8070A6-A1A6-459B-AA3C-E31D3ED1ECE8}.Debug|Any CPU.ActiveCfg = Debug|Any CPU
		{BB8070A6-A1A6-459B-AA3C-E31D3ED1ECE8}.Debug|Any CPU.Build.0 = Debug|Any CPU
		{BB8070A6-A1A6-459B-AA3C-E31D3ED1ECE8}.Debug|x64.ActiveCfg = Debug|Any CPU
		{BB8070A6-A1A6-459B-AA3C-E31D3ED1ECE8}.Debug|x64.Build.0 = Debug|Any CPU
		{BB8070A6-A1A6-459B-AA3C-E31D3ED1ECE8}.Debug|x86.ActiveCfg = Debug|Any CPU
		{BB8070A6-A1A6-459B-AA3C-E31D3ED1ECE8}.Debug|x86.Build.0 = Debug|Any CPU
		{BB8070A6-A1A6-459B-AA3C-E31D3ED1ECE8}.Release|Any CPU.ActiveCfg = Release|Any CPU
		{BB8070A6-A1A6-459B-AA3C-E31D3ED1ECE8}.Release|Any CPU.Build.0 = Release|Any CPU
		{BB8070A6-A1A6-459B-AA3C-E31D3ED1ECE8}.Release|x64.ActiveCfg = Release|Any CPU
		{BB8070A6-A1A6-459B-AA3C-E31D3ED1ECE8}.Release|x64.Build.0 = Release|Any CPU
		{BB8070A6-A1A6-459B-AA3C-E31D3ED1ECE8}.Release|x86.ActiveCfg = Release|Any CPU
		{BB8070A6-A1A6-459B-AA3C-E31D3ED1ECE8}.Release|x86.Build.0 = Release|Any CPU
	EndGlobalSection
	GlobalSection(SolutionProperties) = preSolution
		HideSolutionNode = FALSE
	EndGlobalSection
	GlobalSection(ExtensibilityGlobals) = postSolution
		SolutionGuid = {59C879C4-34DC-4064-BFA4-DE463CE2DCD7}
	EndGlobalSection
EndGlobal
